
Microsoft Visual Studio Solution File, Format Version 12.00
# Visual Studio Version 16
VisualStudioVersion = 25.0.1705.6
MinimumVisualStudioVersion = 10.0.40219.1
Project("{FAE04EC0-301F-11D3-BF4B-00C04F79EFBC}") = "XamNativeTest", "XamNativeTest\XamNativeTest.csproj", "{243DC68F-3D91-46DB-B5E2-7384AD396626}"
EndProject
Global
	GlobalSection(SolutionConfigurationPlatforms) = preSolution
		Debug|iPhoneSimulator = Debug|iPhoneSimulator
		Release|iPhoneSimulator = Release|iPhoneSimulator
		Debug|iPhone = Debug|iPhone
		Release|iPhone = Release|iPhone
	EndGlobalSection
	GlobalSection(ProjectConfigurationPlatforms) = postSolution
		{243DC68F-3D91-46DB-B5E2-7384AD396626}.Debug|iPhoneSimulator.ActiveCfg = Debug|iPhoneSimulator
		{243DC68F-3D91-46DB-B5E2-7384AD396626}.Debug|iPhoneSimulator.Build.0 = Debug|iPhoneSimulator
		{243DC68F-3D91-46DB-B5E2-7384AD396626}.Release|iPhoneSimulator.ActiveCfg = Release|iPhoneSimulator
		{243DC68F-3D91-46DB-B5E2-7384AD396626}.Release|iPhoneSimulator.Build.0 = Release|iPhoneSimulator
		{243DC68F-3D91-46DB-B5E2-7384AD396626}.Debug|iPhone.ActiveCfg = Debug|iPhone
		{243DC68F-3D91-46DB-B5E2-7384AD396626}.Debug|iPhone.Build.0 = Debug|iPhone
		{243DC68F-3D91-46DB-B5E2-7384AD396626}.Release|iPhone.ActiveCfg = Release|iPhone
		{243DC68F-3D91-46DB-B5E2-7384AD396626}.Release|iPhone.Build.0 = Release|iPhone
	EndGlobalSection
	GlobalSection(SolutionProperties) = preSolution
		HideSolutionNode = FALSE
	EndGlobalSection
	GlobalSection(ExtensibilityGlobals) = postSolution
		SolutionGuid = {59D09FBE-1FD3-4D40-9832-25858D7AF0AA}
	EndGlobalSection
EndGlobal
